{"SurveyEntry":{"SurveyID":"SV_b0ZH9YCo0RfquCG","SurveyName":"Day 12 Quiz","SurveyDescription":null,"SurveyOwnerID":"UR_9nl2sthSYJukAfj","SurveyBrandID":"yalesurvey","DivisionID":null,"SurveyLanguage":"EN","SurveyActiveResponseSet":"RS_2bjmecZwzqVuKLs","SurveyStatus":"Inactive","SurveyStartDate":"0000-00-00 00:00:00","SurveyExpirationDate":"0000-00-00 00:00:00","SurveyCreationDate":"2024-02-28 09:09:25","CreatorID":"UR_9nl2sthSYJukAfj","LastModified":"2024-10-28 20:23:44","LastAccessed":"0000-00-00 00:00:00","LastActivated":"2024-02-28 09:11:42","Deleted":null},"SurveyElements":[{"SurveyID":"SV_b0ZH9YCo0RfquCG","Element":"BL","PrimaryAttribute":"Survey Blocks","SecondaryAttribute":null,"TertiaryAttribute":null,"Payload":{"0":{"Type":"Default","Description":"Default Question Block","ID":"BL_bwit6gsa07LJXbo","BlockElements":[{"Type":"Question","QuestionID":"QID1"}]},"1":{"Type":"Trash","Description":"Trash \/ Unused Questions","ID":"BL_bqGRyM8bDpxoTcy","BlockElements":[{"Type":"Question","QuestionID":"QID15"},{"Type":"Question","QuestionID":"QID6"},{"Type":"Question","QuestionID":"QID14"},{"Type":"Question","QuestionID":"QID12"},{"Type":"Question","QuestionID":"QID11"},{"Type":"Question","QuestionID":"QID13"}]},"2":{"Type":"Standard","SubType":"","Description":"Identifiers","ID":"BL_7PtjEATxAK2n2tw","BlockElements":[{"Type":"Question","QuestionID":"QID2"},{"Type":"Question","QuestionID":"QID8"},{"Type":"Question","QuestionID":"QID9"}]},"3":{"Type":"Standard","SubType":"","Description":"Block 2","ID":"BL_dcD3uQ9Cq0GCmBo","BlockElements":[{"Type":"Question","QuestionID":"QID3"}]},"4":{"Type":"Standard","SubType":"","Description":"Block 3","ID":"BL_6AaZ0GjxIS0aoaq","BlockElements":[{"Type":"Question","QuestionID":"QID4"}]},"5":{"Type":"Standard","SubType":"","Description":"Question 4","ID":"BL_6RadLTJFUKAwYqq","BlockElements":[{"Type":"Question","QuestionID":"QID5"}]},"7":{"Type":"Standard","SubType":"","Description":"Block 6","ID":"BL_3KGvIk2fZJTUlpA","BlockElements":[{"Type":"Question","QuestionID":"QID10"}]}}},{"SurveyID":"SV_b0ZH9YCo0RfquCG","Element":"FL","PrimaryAttribute":"Survey Flow","SecondaryAttribute":null,"TertiaryAttribute":null,"Payload":{"Flow":[{"ID":"BL_7PtjEATxAK2n2tw","Type":"Standard","FlowID":"FL_3"},{"ID":"BL_bwit6gsa07LJXbo","Type":"Block","FlowID":"FL_2"},{"ID":"BL_dcD3uQ9Cq0GCmBo","Type":"Standard","FlowID":"FL_4"},{"ID":"BL_6AaZ0GjxIS0aoaq","Type":"Standard","FlowID":"FL_5"},{"ID":"BL_6RadLTJFUKAwYqq","Type":"Standard","FlowID":"FL_6"},{"ID":"BL_3KGvIk2fZJTUlpA","Type":"Standard","FlowID":"FL_9"}],"Properties":{"Count":14},"FlowID":"FL_1","Type":"Root"}},{"SurveyID":"SV_b0ZH9YCo0RfquCG","Element":"PL","PrimaryAttribute":"Preview Link","SecondaryAttribute":null,"TertiaryAttribute":null,"Payload":{"PreviewType":"Brand","PreviewID":"bd19e571-d66e-45eb-b7b3-25dac6f9c41d"}},{"SurveyID":"SV_b0ZH9YCo0RfquCG","Element":"RS","PrimaryAttribute":"RS_2bjmecZwzqVuKLs","SecondaryAttribute":null,"TertiaryAttribute":null,"Payload":null},{"SurveyID":"SV_b0ZH9YCo0RfquCG","Element":"SO","PrimaryAttribute":"Survey Options","SecondaryAttribute":null,"TertiaryAttribute":null,"Payload":{"BackButton":"true","SaveAndContinue":"true","SurveyProtection":"PublicSurvey","BallotBoxStuffingPrevention":"false","NoIndex":"Yes","SecureResponseFiles":"true","SurveyExpiration":null,"SurveyTermination":"DefaultMessage","Header":"","Footer":"","ProgressBarDisplay":"None","PartialData":"+1 hour","ValidationMessage":null,"PreviousButton":" \u2190 ","NextButton":" \u2192 ","SurveyTitle":"Day 12 Quiz","SkinLibrary":"yalesurvey","SkinType":"templated","Skin":{"brandingId":"410503645","templateId":"*base","overrides":null},"NewScoring":1,"SurveyMetaDescription":"Daily quiz for investment management","EOSMessage":null,"ShowExportTags":"false","CollectGeoLocation":"false","PasswordProtection":"Yes","AnonymizeResponse":"No","RefererCheck":"No","UseCustomSurveyLinkCompletedMessage":null,"SurveyLinkCompletedMessage":null,"SurveyLinkCompletedMessageLibrary":null,"ResponseSummary":"No","EOSMessageLibrary":null,"EOSRedirectURL":null,"EmailThankYou":"false","ThankYouEmailMessageLibrary":null,"ThankYouEmailMessage":null,"ValidateMessage":"false","ValidationMessageLibrary":null,"InactiveSurvey":"DefaultMessage","PartialDeletion":null,"PartialDataCloseAfter":"SurveyStart","InactiveMessageLibrary":null,"InactiveMessage":null,"AvailableLanguages":{"EN":[]},"SurveyLinkExpirationMessageType":"DefaultMessage","SurveyLinkExpirationMessage":null,"SurveyLinkExpirationMessageLibrary":null,"Password":"thaler","ProtectSelectionIds":true,"CustomStyles":[]}},{"SurveyID":"SV_b0ZH9YCo0RfquCG","Element":"QGO","PrimaryAttribute":"QGO_QuotaGroupOrder","SecondaryAttribute":null,"TertiaryAttribute":null,"Payload":["QG_4VgKWGicLiuwwGT"]},{"SurveyID":"SV_b0ZH9YCo0RfquCG","Element":"SCO","PrimaryAttribute":"Scoring","SecondaryAttribute":null,"TertiaryAttribute":null,"Payload":{"ScoringCategories":[],"ScoringCategoryGroups":[],"ScoringSummaryCategory":null,"ScoringSummaryAfterQuestions":0,"ScoringSummaryAfterSurvey":0,"DefaultScoringCategory":null,"AutoScoringCategory":null}},{"SurveyID":"SV_b0ZH9YCo0RfquCG","Element":"PROJ","PrimaryAttribute":"CORE","SecondaryAttribute":null,"TertiaryAttribute":"1.1.0","Payload":{"ProjectCategory":"CORE","SchemaVersion":"1.1.0"}},{"SurveyID":"SV_b0ZH9YCo0RfquCG","Element":"STAT","PrimaryAttribute":"Survey Statistics","SecondaryAttribute":null,"TertiaryAttribute":null,"Payload":{"MobileCompatible":true,"ID":"Survey Statistics"}},{"SurveyID":"SV_b0ZH9YCo0RfquCG","Element":"QC","PrimaryAttribute":"Survey Question Count","SecondaryAttribute":"15","TertiaryAttribute":null,"Payload":null},{"SurveyID":"SV_b0ZH9YCo0RfquCG","Element":"SQ","PrimaryAttribute":"QID4","SecondaryAttribute":"According to the Arbitrage Pricing Theory (APT), what does the risk-return trade-off of investing...","TertiaryAttribute":null,"Payload":{"QuestionText":"According to the Arbitrage Pricing Theory (APT), what does the risk-return trade-off of investing in an aggregate factor like value imply?","DefaultChoices":false,"DataExportTag":"Question 3","QuestionType":"MC","Selector":"SAVR","SubSelector":"TX","Configuration":{"QuestionDescriptionOption":"UseText"},"QuestionDescription":"According to the Arbitrage Pricing Theory (APT), what does the risk-return trade-off of investing...","Choices":{"1":{"Display":"That investing in value has no risk-return trade-off, as APT considers it risk-free."},"2":{"Display":"That the risk-return trade-off is identical across all aggregate factors, including value."},"3":{"Display":"Investments with higher sensitivity to value potentially offer higher returns but also higher risk."},"4":{"Display":"That the value factor inversely correlates with risk, meaning higher investment in value leads to lower overall portfolio risk."}},"ChoiceOrder":[1,2,3,4],"Validation":{"Settings":{"ForceResponse":"ON","ForceResponseType":"ON","Type":"None"}},"GradingData":[],"Language":[],"NextChoiceId":5,"NextAnswerId":1,"QuestionID":"QID4","DataVisibility":{"Private":false,"Hidden":false},"Randomization":{"Advanced":null,"TotalRandSubset":"","Type":"All"}}},{"SurveyID":"SV_b0ZH9YCo0RfquCG","Element":"SQ","PrimaryAttribute":"QID11","SecondaryAttribute":"Assume investors have the types of risk preferences we described in class. When considering inves...","TertiaryAttribute":null,"Payload":{"QuestionText":"Assume investors have the types of risk preferences we described in class. When considering investments among a set of risky assets, when would investors invest in the same portfolio of assets?","DefaultChoices":false,"DataExportTag":"Q10","QuestionType":"MC","Selector":"SAVR","SubSelector":"TX","DataVisibility":{"Private":false,"Hidden":false},"Configuration":{"QuestionDescriptionOption":"UseText"},"QuestionDescription":"Assume investors have the types of risk preferences we described in class. When considering inves...","Choices":{"1":{"Display":"When their analysis leads them to identical conclusions about the intrinsic values of the assets."},"2":{"Display":"When market speculation drives all investors towards the same set of assets."},"3":{"Display":"When leveraging the combination of a risk-free asset and risky assets aligns their portfolios along the same efficient frontier, reflecting shared optimal risk-return preferences."},"4":{"Display":"They eliminate selection bias in the data, ensuring a balanced perspective."}},"ChoiceOrder":["1","2","3","4"],"Validation":{"Settings":{"ForceResponse":"OFF","Type":"None"}},"GradingData":[],"Language":[],"NextChoiceId":5,"NextAnswerId":1,"QuestionID":"QID11"}},{"SurveyID":"SV_b0ZH9YCo0RfquCG","Element":"SQ","PrimaryAttribute":"QID12","SecondaryAttribute":"Assume investors have the types of risk preferences we described in class. When considering inves...","TertiaryAttribute":null,"Payload":{"QuestionText":"Assume investors have the types of risk preferences we described in class. When considering investments among a set of risky assets, when would investors invest in the same portfolio of assets?","DefaultChoices":false,"DataExportTag":"Q11","QuestionType":"MC","Selector":"SAVR","SubSelector":"TX","DataVisibility":{"Private":false,"Hidden":false},"Configuration":{"QuestionDescriptionOption":"UseText"},"QuestionDescription":"Assume investors have the types of risk preferences we described in class. When considering inves...","Choices":{"1":{"Display":"When their analysis leads them to identical conclusions about the intrinsic values of the assets."},"2":{"Display":"When the assets all have the same riskiness"},"3":{"Display":"When they can invest to a risk-free asset"},"4":{"Display":"When influenced by a significant market event, prompting a uniform shift in investment strategy among them"}},"ChoiceOrder":["1","2","3","4"],"Validation":{"Settings":{"ForceResponse":"OFF","Type":"None"}},"GradingData":[],"Language":[],"NextChoiceId":5,"NextAnswerId":1,"QuestionID":"QID12"}},{"SurveyID":"SV_b0ZH9YCo0RfquCG","Element":"QG","PrimaryAttribute":"QG_4VgKWGicLiuwwGT","SecondaryAttribute":"Default Quota Group","TertiaryAttribute":null,"Payload":{"ID":"QG_4VgKWGicLiuwwGT","Name":"Default Quota Group","Selected":true,"MultipleMatch":"PlaceInAll","Public":false,"Quotas":[]}},{"SurveyID":"SV_b0ZH9YCo0RfquCG","Element":"SQ","PrimaryAttribute":"QID2","SecondaryAttribute":"Enter your first name","TertiaryAttribute":null,"Payload":{"QuestionText":"Enter your first name","DefaultChoices":false,"DataExportTag":"Q2","QuestionType":"TE","Selector":"SL","Configuration":{"QuestionDescriptionOption":"UseText"},"QuestionDescription":"Enter your first name","Validation":{"Settings":{"ForceResponse":"ON","ForceResponseType":"ON","Type":"None"}},"GradingData":[],"Language":[],"NextChoiceId":4,"NextAnswerId":1,"SearchSource":{"AllowFreeResponse":"false"},"QuestionID":"QID2","DataVisibility":{"Private":false,"Hidden":false}}},{"SurveyID":"SV_b0ZH9YCo0RfquCG","Element":"SQ","PrimaryAttribute":"QID8","SecondaryAttribute":"Enter your last name","TertiaryAttribute":null,"Payload":{"QuestionText":"Enter your last name","DefaultChoices":false,"DataExportTag":"Q8","QuestionType":"TE","Selector":"SL","Configuration":{"QuestionDescriptionOption":"UseText"},"QuestionDescription":"Enter your last name","Validation":{"Settings":{"ForceResponse":"OFF","Type":"None"}},"GradingData":[],"Language":[],"NextChoiceId":4,"NextAnswerId":1,"SearchSource":{"AllowFreeResponse":"false"},"QuestionID":"QID8"}},{"SurveyID":"SV_b0ZH9YCo0RfquCG","Element":"SQ","PrimaryAttribute":"QID9","SecondaryAttribute":"Enter your net id","TertiaryAttribute":null,"Payload":{"QuestionText":"Enter your net id","DefaultChoices":false,"DataExportTag":"Q9","QuestionType":"TE","Selector":"SL","Configuration":{"QuestionDescriptionOption":"UseText"},"QuestionDescription":"Enter your net id","Validation":{"Settings":{"ForceResponse":"OFF","Type":"None"}},"GradingData":[],"Language":[],"NextChoiceId":4,"NextAnswerId":1,"SearchSource":{"AllowFreeResponse":"false"},"QuestionID":"QID9"}},{"SurveyID":"SV_b0ZH9YCo0RfquCG","Element":"SQ","PrimaryAttribute":"QID13","SecondaryAttribute":"How does Donald Trump's significant wealth potentially influence his investment approach compared...","TertiaryAttribute":null,"Payload":{"QuestionText":"How does Donald Trump's significant wealth potentially influence his investment approach compared to average investors, considering asset accessibility and diversification?","DefaultChoices":false,"DataExportTag":"Q12","QuestionType":"MC","Selector":"SAVR","SubSelector":"TX","DataVisibility":{"Private":false,"Hidden":false},"Configuration":{"QuestionDescriptionOption":"UseText"},"QuestionDescription":"How does Donald Trump's significant wealth potentially influence his investment approach compared...","Choices":{"1":{"Display":"His wealth does not provide any tangible benefits in terms of asset accessibility or diversification."},"2":{"Display":"His investment choices are more conservative due to the larger amount of capital at risk."},"3":{"Display":"His substantial wealth affords unique investment opportunities in niche markets and assets, providing a different risk-return spectrum compared to typical market offerings."},"4":{"Display":"His wealth forces him to invest only in traditional assets, limiting diversification and potential returns."}},"ChoiceOrder":["1","2","4","3"],"Validation":{"Settings":{"ForceResponse":"OFF","Type":"None"}},"GradingData":[],"Language":[],"NextChoiceId":5,"NextAnswerId":1,"QuestionID":"QID13"}},{"SurveyID":"SV_b0ZH9YCo0RfquCG","Element":"SQ","PrimaryAttribute":"QID3","SecondaryAttribute":"How is the value factor constructed in factor investing models according to empirical research?","TertiaryAttribute":null,"Payload":{"QuestionText":"How is the value  factor constructed in factor investing models according to empirical research?","DefaultChoices":false,"DataExportTag":"Question 2","QuestionType":"MC","Selector":"SAVR","SubSelector":"TX","Configuration":{"QuestionDescriptionOption":"UseText"},"QuestionDescription":"How is the value factor constructed in factor investing models according to empirical research?","Choices":{"1":{"Display":"By measuring the direct financial performance of companies over time."},"2":{"Display":"Through analysis of short-term price movements and trading volumes."},"3":{"Display":"By comparing the average returns of firms with high book-to-market ratios against those with low book-to-market ratios."},"4":{"Display":"Evaluating companies based on their price-earnings (P\/E) ratios without considering market capitalization."}},"ChoiceOrder":[1,2,3,4],"Validation":{"Settings":{"ForceResponse":"ON","ForceResponseType":"ON","Type":"None"}},"GradingData":[],"Language":[],"NextChoiceId":5,"NextAnswerId":1,"QuestionID":"QID3","DataVisibility":{"Private":false,"Hidden":false},"Randomization":{"Advanced":null,"TotalRandSubset":"","Type":"All"}}},{"SurveyID":"SV_b0ZH9YCo0RfquCG","Element":"SQ","PrimaryAttribute":"QID10","SecondaryAttribute":"If you want to review your responses, please do so now. Otherwise proceed to submit.","TertiaryAttribute":null,"Payload":{"QuestionText":"If you want to review your responses, please do so now. Otherwise proceed to submit.","DefaultChoices":false,"DataExportTag":"Q10","QuestionType":"DB","Selector":"TB","Configuration":{"QuestionDescriptionOption":"UseText"},"QuestionDescription":"If you want to review your responses, please do so now. Otherwise proceed to submit.","ChoiceOrder":[],"Validation":{"Settings":{"Type":"None"}},"GradingData":[],"Language":[],"NextChoiceId":4,"NextAnswerId":1,"QuestionID":"QID10"}},{"SurveyID":"SV_b0ZH9YCo0RfquCG","Element":"SQ","PrimaryAttribute":"QID5","SecondaryAttribute":"Under Arbitrage Pricing Theory (APT), why might an individual stock exhibit a non-zero alpha?","TertiaryAttribute":null,"Payload":{"QuestionText":"Under Arbitrage Pricing Theory (APT), why might an individual stock exhibit a non-zero alpha?","DefaultChoices":false,"DataExportTag":"Question 4","QuestionType":"MC","Selector":"SAVR","SubSelector":"TX","Configuration":{"QuestionDescriptionOption":"UseText"},"QuestionDescription":"Under Arbitrage Pricing Theory (APT), why might an individual stock exhibit a non-zero alpha?","Choices":{"1":{"Display":"Because it has higher systematic risk than the market portfolio."},"2":{"Display":"Because its returns are perfectly correlated with the market returns."},"4":{"Display":"Because the stock is undervalued by the market and its true value is not yet recognized."},"5":{"Display":"Due to idiosyncratic risk that is unique to the stock and not accounted for by the aggregate factors in the model."}},"ChoiceOrder":[1,2,"5",4],"Validation":{"Settings":{"ForceResponse":"ON","ForceResponseType":"ON","Type":"None"}},"GradingData":[],"Language":[],"NextChoiceId":6,"NextAnswerId":1,"QuestionID":"QID5","DataVisibility":{"Private":false,"Hidden":false},"Randomization":{"Advanced":null,"TotalRandSubset":"","Type":"All"}}},{"SurveyID":"SV_b0ZH9YCo0RfquCG","Element":"SQ","PrimaryAttribute":"QID1","SecondaryAttribute":"What distinguishes a \"factor\" from a \"factor loading\" in the context of factor investing?","TertiaryAttribute":null,"Payload":{"QuestionText":"What distinguishes a \"factor\" from a \"factor loading\" in the context of factor investing?","DataExportTag":"Question 1","QuestionType":"MC","Selector":"SAVR","SubSelector":"TX","Configuration":{"QuestionDescriptionOption":"UseText"},"QuestionDescription":"What distinguishes a \"factor\" from a \"factor loading\" in the context of factor investing?","Choices":{"1":{"Display":"A factor is a specific market risk, while a factor loading measures a stock's dividend yield."},"2":{"Display":"A factor represents underlying aggregate risk or source of returns, whereas a factor loading quantifies an asset's sensitivity to that factor."},"3":{"Display":"A factor is a measurement of volatility, while factor loading indicates the direction of the market."},"4":{"Display":"Factor loadings are used to calculate beta, whereas factors are used to determine alpha."}},"ChoiceOrder":[1,2,3,4],"Validation":{"Settings":{"ForceResponse":"ON","ForceResponseType":"ON","Type":"None"}},"Language":[],"NextChoiceId":5,"NextAnswerId":1,"QuestionID":"QID1","DataVisibility":{"Private":false,"Hidden":false},"Randomization":{"Advanced":null,"TotalRandSubset":"","Type":"All"}}},{"SurveyID":"SV_b0ZH9YCo0RfquCG","Element":"SQ","PrimaryAttribute":"QID15","SecondaryAttribute":"What does the \"Dumb Beta\" experiment, as described in the article, imply about the effectiveness...","TertiaryAttribute":null,"Payload":{"QuestionText":"What does the \"Dumb Beta\" experiment, as described in the article, imply about the effectiveness of smart-beta strategies in factor investing?","DefaultChoices":false,"DataExportTag":"Q14","QuestionType":"MC","Selector":"SAVR","SubSelector":"TX","DataVisibility":{"Private":false,"Hidden":false},"Configuration":{"QuestionDescriptionOption":"UseText"},"QuestionDescription":"What does the \"Dumb Beta\" experiment, as described in the article, imply about the effectiveness...","Choices":{"1":{"Display":"That smart-beta strategies always outperform traditional market-cap weighted indexes."},"2":{"Display":"That smart-beta strategies are infallible and consistently predict future market movements."},"4":{"Display":"That investing in smart-beta strategies is equivalent to betting on random stock selection for superior returns."},"5":{"Display":"That the exclusivity of stocks in smart-beta strategies might lead to overvaluation of these stocks."}},"ChoiceOrder":["1","2","5","4"],"Validation":{"Settings":{"ForceResponse":"OFF","Type":"None"}},"GradingData":[],"Language":[],"NextChoiceId":6,"NextAnswerId":1,"QuestionID":"QID15","Randomization":{"Advanced":null,"TotalRandSubset":"","Type":"All"}}},{"SurveyID":"SV_b0ZH9YCo0RfquCG","Element":"SQ","PrimaryAttribute":"QID14","SecondaryAttribute":"What implication does the incident of algorithmic traders buying the wrong stock have for the arb...","TertiaryAttribute":null,"Payload":{"QuestionText":"What implication does the incident of algorithmic traders buying the wrong stock have for the arbitrage pricing theory (APT) in real-world applications?","DefaultChoices":false,"DataExportTag":"Q13","QuestionType":"MC","Selector":"SAVR","SubSelector":"TX","DataVisibility":{"Private":false,"Hidden":false},"Configuration":{"QuestionDescriptionOption":"UseText"},"QuestionDescription":"What implication does the incident of algorithmic traders buying the wrong stock have for the arb...","Choices":{"1":{"Display":"Anomalies like algorithmic errors are reasonable in APT, as it allows for idiosyncratic risk."},"2":{"Display":"APT's practicality is questioned by trading errors, suggesting limitations in its assumptions."},"3":{"Display":"Modern algorithmic trading challenges APT's relevance due to unforeseen trading mistakes."},"4":{"Display":"The efficiency of arbitrageurs in correcting anomalies is overestimated by APT."}},"ChoiceOrder":["1","2","3","4"],"Validation":{"Settings":{"ForceResponse":"OFF","Type":"None"}},"GradingData":[],"Language":[],"NextChoiceId":5,"NextAnswerId":1,"QuestionID":"QID14","Randomization":{"Advanced":null,"TotalRandSubset":"","Type":"All"}}},{"SurveyID":"SV_b0ZH9YCo0RfquCG","Element":"SQ","PrimaryAttribute":"QID6","SecondaryAttribute":"Which of the following statements is *false*?","TertiaryAttribute":null,"Payload":{"QuestionText":"Which of the following statements is *false*?","DefaultChoices":false,"DataExportTag":"Q6","QuestionType":"MC","Selector":"SAVR","SubSelector":"TX","Configuration":{"QuestionDescriptionOption":"UseText"},"QuestionDescription":"Which of the following statements is *false*?","Choices":{"1":{"Display":"After controlling for the book-to-market factor, the market factor does not explain much of the cross-section of expected returns"},"2":{"Display":"After controlling for the size factor, the market factor does not explain much of the cross-section of expected returns"},"3":{"Display":"Portfolios controlling for size and book-to-market factors have zero estimated alpha."},"4":{"Display":"The market factor explains the most of the expected returns, when compared to book-to-market and size."}},"ChoiceOrder":[1,2,3,4],"Validation":{"Settings":{"ForceResponse":"ON","ForceResponseType":"ON","Type":"None"}},"GradingData":[],"Language":[],"NextChoiceId":5,"NextAnswerId":1,"QuestionID":"QID6","DataVisibility":{"Private":false,"Hidden":false},"Randomization":{"Advanced":null,"TotalRandSubset":"","Type":"All"}}}]}